[[package]]
name = "arcade"
version = "2.7.1.dev5"
description = "Arcade Game Development Library"
category = "main"
optional = false
python-versions = ">=3.8"

[package.dependencies]
pillow = ">=9.3.0,<9.4.0"
pyglet = "2.0.0"
pymunk = ">=6.2.1,<6.3.0"
pytiled-parser = ">=2.2.0,<2.3.0"

[package.extras]
dev = ["pytest", "flake8", "importlib-metadata (==4.13.0)", "mypy", "coverage", "coveralls", "pytest-mock", "pytest-cov", "Sphinx (==5.1.1)", "Pygments (==2.13.0)", "sphinx-copybutton (==0.5.0)", "sphinx-sitemap (==2.2.0)", "dirsync (==2.2.5)", "pyyaml (==6.0)", "docutils (==0.19)", "sphinx-sitemap", "furo", "sphinx-copybutton", "dirsync", "wheel"]
docs = ["Sphinx (==5.1.1)", "Pygments (==2.13.0)", "sphinx-copybutton (==0.5.0)", "sphinx-sitemap (==2.2.0)", "dirsync (==2.2.5)", "pyyaml (==6.0)", "docutils (==0.19)", "sphinx-sitemap", "furo", "sphinx-copybutton", "dirsync", "wheel"]

[[package]]
name = "arcade-imgui"
version = "0.4.0"
description = "IMGUI integration for Python Arcade"
category = "main"
optional = false
python-versions = ">=3.8, <3.12"
develop = true

[package.dependencies]
arcade = "^2.7.1.dev5"
imgui = "^1.4.1"

[package.source]
type = "directory"
url = ".."

[[package]]
name = "atomicwrites"
version = "1.4.1"
description = "Atomic file writes."
category = "dev"
optional = false
python-versions = ">=2.7, !=3.0.*, !=3.1.*, !=3.2.*, !=3.3.*"

[[package]]
name = "attrs"
version = "22.1.0"
description = "Classes Without Boilerplate"
category = "main"
optional = false
python-versions = ">=3.5"

[package.extras]
dev = ["coverage[toml] (>=5.0.2)", "hypothesis", "pympler", "pytest (>=4.3.0)", "mypy (>=0.900,!=0.940)", "pytest-mypy-plugins", "zope.interface", "furo", "sphinx", "sphinx-notfound-page", "pre-commit", "cloudpickle"]
docs = ["furo", "sphinx", "zope.interface", "sphinx-notfound-page"]
tests = ["coverage[toml] (>=5.0.2)", "hypothesis", "pympler", "pytest (>=4.3.0)", "mypy (>=0.900,!=0.940)", "pytest-mypy-plugins", "zope.interface", "cloudpickle"]
tests_no_zope = ["coverage[toml] (>=5.0.2)", "hypothesis", "pympler", "pytest (>=4.3.0)", "mypy (>=0.900,!=0.940)", "pytest-mypy-plugins", "cloudpickle"]

[[package]]
name = "cffi"
version = "1.15.1"
description = "Foreign Function Interface for Python calling C code."
category = "main"
optional = false
python-versions = "*"

[package.dependencies]
pycparser = "*"

[[package]]
name = "colorama"
version = "0.4.6"
description = "Cross-platform colored terminal text."
category = "dev"
optional = false
python-versions = "!=3.0.*,!=3.1.*,!=3.2.*,!=3.3.*,!=3.4.*,!=3.5.*,!=3.6.*,>=2.7"

[[package]]
name = "imgui"
version = "1.4.1"
description = "Cython-based Python bindings for dear imgui"
category = "main"
optional = false
python-versions = "*"

[package.extras]
cython = ["Cython (>=0.24,<0.30)"]
cocos2d = ["pyopengl", "cocos2d", "pyglet (>=1.5.6)"]
full = ["pyopengl", "glfw", "pygame", "cocos2d", "Cython (>=0.24,<0.30)", "pysdl2", "pyglet", "pyglet (>=1.5.6)"]
glfw = ["pyopengl", "glfw"]
opengl = ["pyopengl"]
pygame = ["pyopengl", "pygame"]
pyglet = ["pyopengl", "pyglet", "pyglet (>=1.5.6)"]
sdl2 = ["pyopengl", "pysdl2"]

[[package]]
name = "more-itertools"
version = "9.0.0"
description = "More routines for operating on iterables, beyond itertools"
category = "dev"
optional = false
python-versions = ">=3.7"

[[package]]
name = "numpy"
version = "1.23.4"
description = "NumPy is the fundamental package for array computing with Python."
category = "main"
optional = false
python-versions = ">=3.8"

[[package]]
name = "packaging"
version = "21.3"
description = "Core utilities for Python packages"
category = "dev"
optional = false
python-versions = ">=3.6"

[package.dependencies]
pyparsing = ">=2.0.2,<3.0.5 || >3.0.5"

[[package]]
name = "pillow"
version = "9.3.0"
description = "Python Imaging Library (Fork)"
category = "main"
optional = false
python-versions = ">=3.7"

[package.extras]
docs = ["furo", "olefile", "sphinx (>=2.4)", "sphinx-copybutton", "sphinx-issues (>=3.0.1)", "sphinx-removed-in", "sphinxext-opengraph"]
tests = ["check-manifest", "coverage", "defusedxml", "markdown2", "olefile", "packaging", "pyroma", "pytest", "pytest-cov", "pytest-timeout"]

[[package]]
name = "pluggy"
version = "0.13.1"
description = "plugin and hook calling mechanisms for python"
category = "dev"
optional = false
python-versions = ">=2.7, !=3.0.*, !=3.1.*, !=3.2.*, !=3.3.*"

[package.extras]
dev = ["pre-commit", "tox"]

[[package]]
name = "py"
version = "1.11.0"
description = "library with cross-python path, ini-parsing, io, code, log facilities"
category = "dev"
optional = false
python-versions = ">=2.7, !=3.0.*, !=3.1.*, !=3.2.*, !=3.3.*, !=3.4.*"

[[package]]
name = "pycparser"
version = "2.21"
description = "C parser in Python"
category = "main"
optional = false
python-versions = ">=2.7, !=3.0.*, !=3.1.*, !=3.2.*, !=3.3.*"

[[package]]
name = "pyglet"
version = "2.0.0"
description = "Cross-platform windowing and multimedia library"
category = "main"
optional = false
python-versions = "*"

[[package]]
name = "pymunk"
version = "6.2.1"
description = "Pymunk is a easy-to-use pythonic 2d physics library"
category = "main"
optional = false
python-versions = ">=3.6"

[package.dependencies]
cffi = ">=1.15.0"

[package.extras]
dev = ["pyglet", "pygame", "sphinx", "aafigure", "wheel", "matplotlib"]

[[package]]
name = "pyparsing"
version = "3.0.9"
description = "pyparsing module - Classes and methods to define and execute parsing grammars"
category = "dev"
optional = false
python-versions = ">=3.6.8"

[package.extras]
diagrams = ["railroad-diagrams", "jinja2"]

[[package]]
name = "pytest"
version = "5.4.3"
description = "pytest: simple powerful testing with Python"
category = "dev"
optional = false
python-versions = ">=3.5"

[package.dependencies]
atomicwrites = {version = ">=1.0", markers = "sys_platform == \"win32\""}
attrs = ">=17.4.0"
colorama = {version = "*", markers = "sys_platform == \"win32\""}
more-itertools = ">=4.0.0"
packaging = "*"
pluggy = ">=0.12,<1.0"
py = ">=1.5.0"
wcwidth = "*"

[package.extras]
checkqa-mypy = ["mypy (==v0.761)"]
testing = ["argcomplete", "hypothesis (>=3.56)", "mock", "nose", "requests", "xmlschema"]

[[package]]
name = "pytiled-parser"
version = "2.2.0"
description = "A library for parsing JSON formatted Tiled Map Editor maps and tilesets."
category = "main"
optional = false
python-versions = ">=3.6"

[package.dependencies]
attrs = ">=18.2.0"
typing-extensions = "*"

[package.extras]
build = ["build"]
docs = ["sphinx", "sphinx-sitemap", "myst-parser", "furo"]
tests = ["pytest", "pytest-cov", "black", "flake8", "mypy", "isort (>=4.2.5,<5)"]
zstd = ["zstd (==1.4.8.1)"]

[[package]]
name = "rx"
version = "3.2.0"
description = "Reactive Extensions (Rx) for Python"
category = "main"
optional = false
python-versions = ">=3.6.0"

[[package]]
name = "scipy"
version = "1.9.3"
description = "Fundamental algorithms for scientific computing in Python"
category = "main"
optional = false
python-versions = ">=3.8"

[package.dependencies]
numpy = ">=1.18.5,<1.26.0"

[package.extras]
test = ["pytest", "pytest-cov", "pytest-xdist", "asv", "mpmath", "gmpy2", "threadpoolctl", "scikit-umfpack"]
doc = ["sphinx (!=4.1.0)", "pydata-sphinx-theme (==0.9.0)", "sphinx-panels (>=0.5.2)", "matplotlib (>2)", "numpydoc", "sphinx-tabs"]
dev = ["mypy", "typing-extensions", "pycodestyle", "flake8"]

[[package]]
name = "typing-extensions"
version = "4.4.0"
description = "Backported and Experimental Type Hints for Python 3.7+"
category = "main"
optional = false
python-versions = ">=3.7"

[[package]]
name = "wcwidth"
version = "0.2.5"
description = "Measures the displayed width of unicode strings in a terminal"
category = "dev"
optional = false
python-versions = "*"

[metadata]
lock-version = "1.1"
python-versions = ">=3.8, <3.12"
content-hash = "2868df00f56915f7f20e485d3f8ab3d35ba1c7ecd9829252272d99d11723ec76"

[metadata.files]
arcade = []
arcade-imgui = []
atomicwrites = []
attrs = []
cffi = []
colorama = []
imgui = [
    {file = "imgui-1.4.1-cp27-cp27m-macosx_10_9_x86_64.whl", hash = "sha256:a07aa19cd61baaa854cdf241484c88f5a07f6765fb175129bc72d820c608b524"},
    {file = "imgui-1.4.1-cp27-cp27m-manylinux1_i686.whl", hash = "sha256:4aff47bbc35adf56c3bca6a5aabe584d671c972bbbb85056cfc789afc41bf901"},
    {file = "imgui-1.4.1-cp27-cp27m-manylinux1_x86_64.whl", hash = "sha256:e06907b31aad61a4579068d4f2e1ac3512c4c8e35a6db9d020386bbd3174f6d9"},
    {file = "imgui-1.4.1-cp27-cp27m-manylinux2010_i686.whl", hash = "sha256:692c16baf220f1c19acf7cfdb640a582a919369b862df65b37dfd5d7f08df76a"},
    {file = "imgui-1.4.1-cp27-cp27m-manylinux2010_x86_64.whl", hash = "sha256:9401091e42d5ceff590d0ce5a1a3bc8627c2301e83b3b40ecd0e976f43bd158e"},
    {file = "imgui-1.4.1-cp27-cp27mu-manylinux1_i686.whl", hash = "sha256:8ebbb96925c2173988b947c54f7ece580e19079547af3a9084d00fafae21a43f"},
    {file = "imgui-1.4.1-cp27-cp27mu-manylinux1_x86_64.whl", hash = "sha256:b1415c00ad7e25fcaa7ac4b68aac3beb24949607c3ea47450ad2b93ef466c3a9"},
    {file = "imgui-1.4.1-cp27-cp27mu-manylinux2010_i686.whl", hash = "sha256:d4fad53320c031851acf07624bbefcf26468cd49e3a20521fb7ea3fbd107bf23"},
    {file = "imgui-1.4.1-cp27-cp27mu-manylinux2010_x86_64.whl", hash = "sha256:5a7f96157339a07657919ed34fbff44e187e6a197fec180728111997687f1097"},
    {file = "imgui-1.4.1-cp35-cp35m-macosx_10_9_x86_64.whl", hash = "sha256:f5d3d5db29d34ab7fa2b4815d679d7aa8a4e10d5ddf637666a9ac4307558c318"},
    {file = "imgui-1.4.1-cp35-cp35m-manylinux1_i686.whl", hash = "sha256:4b88ec4e5a1a342dfbc2961de9b285512418e984cd721b61d3a86fbc813a7df0"},
    {file = "imgui-1.4.1-cp35-cp35m-manylinux1_x86_64.whl", hash = "sha256:9dfdeb1c19b3d0feeb73c80d3e72f547b42b4003686fbeb14bf6f6f253720062"},
    {file = "imgui-1.4.1-cp35-cp35m-manylinux2010_i686.whl", hash = "sha256:5874a048a04e8f2507e323eb2afabcd034c62d84dbc886f21d6e382cb8d67fa1"},
    {file = "imgui-1.4.1-cp35-cp35m-manylinux2010_x86_64.whl", hash = "sha256:5e84daae2c9ee3d6f39cab4a163cdc97e3b9681af81656953ceb3704f059d9d4"},
    {file = "imgui-1.4.1-cp35-cp35m-win32.whl", hash = "sha256:7713f1b08dafe8b74d7f862fac201aeef7f8b4ad60009a0edb3e312120fc5560"},
    {file = "imgui-1.4.1-cp35-cp35m-win_amd64.whl", hash = "sha256:2e0cd42fcfacacb15bf91d56e8930644fd447a2371703aa5bfd93f35d53a0392"},
    {file = "imgui-1.4.1-cp36-cp36m-macosx_10_9_x86_64.whl", hash = "sha256:08cb81a2de54ed3ecdeaabf055e228b0d1bdd439d0b694d2dd684d2e236ada82"},
    {file = "imgui-1.4.1-cp36-cp36m-manylinux_2_5_i686.manylinux1_i686.manylinux_2_12_i686.manylinux2010_i686.whl", hash = "sha256:64c21ca5aeb2fa22dfeb69515a97111367385714544741716912d100073df963"},
    {file = "imgui-1.4.1-cp36-cp36m-manylinux_2_5_x86_64.manylinux1_x86_64.manylinux_2_12_x86_64.manylinux2010_x86_64.whl", hash = "sha256:105c0b3f90bc7b27af7814f627ae58b0d81b51a27bb24300629e1f8df6952d16"},
    {file = "imgui-1.4.1-cp36-cp36m-win32.whl", hash = "sha256:597c61c17411f26841df17f7cc96df9a6b0d1425afe12e008a06c056b41449e1"},
    {file = "imgui-1.4.1-cp36-cp36m-win_amd64.whl", hash = "sha256:8fc6d6fdba376acdc8e51425d8bee51474ad2499fc018fedde7b740b574da94d"},
    {file = "imgui-1.4.1-cp37-cp37m-macosx_10_9_x86_64.whl", hash = "sha256:9ea67d4a94f4ded750123ce86125a2c1bc992cf7b13d212a8f4f9af88ced8724"},
    {file = "imgui-1.4.1-cp37-cp37m-manylinux_2_5_i686.manylinux1_i686.manylinux_2_12_i686.manylinux2010_i686.whl", hash = "sha256:fb72039aecf96e588f823f85c32e4fbe3f77dbe276b9ac75e21140057a2e2b29"},
    {file = "imgui-1.4.1-cp37-cp37m-manylinux_2_5_x86_64.manylinux1_x86_64.manylinux_2_12_x86_64.manylinux2010_x86_64.whl", hash = "sha256:00cf4be08ab8a8f1387c629f4b1cdf9e5f3e6bf4a537603ac7ea102b95f7b50b"},
    {file = "imgui-1.4.1-cp37-cp37m-win32.whl", hash = "sha256:87b3adc04ffb25df3d3a9159eeb871cde5a6c25f145d0c0024e32054c929d5aa"},
    {file = "imgui-1.4.1-cp37-cp37m-win_amd64.whl", hash = "sha256:2e8d1d868605a600fef9aeb95a31ce71fb8e4c296034c911973e94e6b373bb19"},
    {file = "imgui-1.4.1-cp38-cp38-macosx_10_9_x86_64.whl", hash = "sha256:a3c2f92a99b20eca177c4d3b1e1a9d005209b4961b2852d16134f1c786bd8218"},
    {file = "imgui-1.4.1-cp38-cp38-manylinux_2_5_i686.manylinux1_i686.manylinux_2_12_i686.manylinux2010_i686.whl", hash = "sha256:76d14e36c08da90954165f570b1879cb05fef852c1bf7740ef772efe6d98d632"},
    {file = "imgui-1.4.1-cp38-cp38-manylinux_2_5_x86_64.manylinux1_x86_64.manylinux_2_12_x86_64.manylinux2010_x86_64.whl", hash = "sha256:c0f64093f52c3c6f2a10bddfb545e01ba315852eb33537e6b632ef2bc2d5afc4"},
    {file = "imgui-1.4.1-cp38-cp38-win32.whl", hash = "sha256:c1e8e696c1f62f98ada41950de9416e1e95e1e3ae1e0d61cb79a0e6a0fe2254b"},
    {file = "imgui-1.4.1-cp38-cp38-win_amd64.whl", hash = "sha256:b90ba49b892242d9f61413ea1bd3c682a80680b724ba8e812b1b09d48a2c9bad"},
    {file = "imgui-1.4.1-cp39-cp39-macosx_10_9_x86_64.whl", hash = "sha256:542d3a6fb8a72580433ea3472a8f37a71fefb767a66276ba11e1418e70976678"},
    {file = "imgui-1.4.1-cp39-cp39-manylinux_2_5_i686.manylinux1_i686.manylinux_2_12_i686.manylinux2010_i686.whl", hash = "sha256:04ff253710b780ddaeb1f536bda08c0b50200ceef877df4d11f2f9f58b85156f"},
    {file = "imgui-1.4.1-cp39-cp39-manylinux_2_5_x86_64.manylinux1_x86_64.manylinux_2_12_x86_64.manylinux2010_x86_64.whl", hash = "sha256:3c8dc9c80d58e55f0006cb4193f2ed1c7ae26c945fe7115e17dbb23f9c13433c"},
    {file = "imgui-1.4.1-cp39-cp39-win32.whl", hash = "sha256:3a30a20629508e1dc80db9a0d0f7a10cacc6a798ad56b4d3165a3fd909cdde8d"},
    {file = "imgui-1.4.1-cp39-cp39-win_amd64.whl", hash = "sha256:8b015a1dd36425b1894474f2da8650a33bdc356540ceee0d1daf2b6a05d3c889"},
    {file = "imgui-1.4.1-pp37-pypy37_pp73-macosx_10_9_x86_64.whl", hash = "sha256:367625de69884d5161ff055a2aab74fb2b221d5e55f22b13d6863381ea9dba2f"},
    {file = "imgui-1.4.1-pp37-pypy37_pp73-manylinux_2_5_i686.manylinux1_i686.manylinux_2_12_i686.manylinux2010_i686.whl", hash = "sha256:5418e3ad67311532345cca4695a0ef452a0397a790c7e8015d4764783cdbe646"},
    {file = "imgui-1.4.1-pp37-pypy37_pp73-manylinux_2_5_x86_64.manylinux1_x86_64.manylinux_2_12_x86_64.manylinux2010_x86_64.whl", hash = "sha256:516e1e7cefa69a3568456e32eb3d536b7560cd29a59d16d9308cb4781b2e8350"},
    {file = "imgui-1.4.1-pp37-pypy37_pp73-win_amd64.whl", hash = "sha256:9b90c89f420eed37c09a618e9fe93066d1c4cbbd27da4da9095d1d3c98860d1f"},
    {file = "imgui-1.4.1.tar.gz", hash = "sha256:012fd8d581171bd04ebfa649ca92c7f382a2806c7027bc7c31c8b39899899e7d"},
]
more-itertools = []
numpy = []
packaging = [
    {file = "packaging-21.3-py3-none-any.whl", hash = "sha256:ef103e05f519cdc783ae24ea4e2e0f508a9c99b2d4969652eed6a2e1ea5bd522"},
    {file = "packaging-21.3.tar.gz", hash = "sha256:dd47c42927d89ab911e606518907cc2d3a1f38bbd026385970643f9c5b8ecfeb"},
]
pillow = []
pluggy = [
    {file = "pluggy-0.13.1-py2.py3-none-any.whl", hash = "sha256:966c145cd83c96502c3c3868f50408687b38434af77734af1e9ca461a4081d2d"},
    {file = "pluggy-0.13.1.tar.gz", hash = "sha256:15b2acde666561e1298d71b523007ed7364de07029219b604cf808bfa1c765b0"},
]
py = [
    {file = "py-1.11.0-py2.py3-none-any.whl", hash = "sha256:607c53218732647dff4acdfcd50cb62615cedf612e72d1724fb1a0cc6405b378"},
    {file = "py-1.11.0.tar.gz", hash = "sha256:51c75c4126074b472f746a24399ad32f6053d1b34b68d2fa41e558e6f4a98719"},
]
pycparser = [
    {file = "pycparser-2.21-py2.py3-none-any.whl", hash = "sha256:8ee45429555515e1f6b185e78100aea234072576aa43ab53aefcae078162fca9"},
    {file = "pycparser-2.21.tar.gz", hash = "sha256:e644fdec12f7872f86c58ff790da456218b10f863970249516d60a5eaca77206"},
]
pyglet = []
pymunk = [
    {file = "pymunk-6.2.1-cp310-cp310-macosx_10_9_x86_64.whl", hash = "sha256:21c683995c7c9763070ef501cb90817e0158f1aacc95fe316338e02754f3a4bf"},
    {file = "pymunk-6.2.1-cp310-cp310-macosx_11_0_arm64.whl", hash = "sha256:ec7dbfdd12d076dd1219751aa1b48bb4a319e7fd36f017a3745211a8fd269f2a"},
    {file = "pymunk-6.2.1-cp310-cp310-manylinux_2_5_i686.manylinux1_i686.manylinux_2_12_i686.manylinux2010_i686.whl", hash = "sha256:fc21e0ffac12c86acb9eca61093fd5f51d3fb473dc079c36f39d2527648560f8"},
    {file = "pymunk-6.2.1-cp310-cp310-manylinux_2_5_x86_64.manylinux1_x86_64.manylinux_2_12_x86_64.manylinux2010_x86_64.whl", hash = "sha256:73e80f0141709434c1adc3fbb8cb7dc9684dc3ad09985a1ae3e81ab5a3706b8f"},
    {file = "pymunk-6.2.1-cp310-cp310-musllinux_1_1_i686.whl", hash = "sha256:1fcf646dd9e0ecf1224a01026d0beefff4be381bde563aaf567ca7bfbe84d568"},
    {file = "pymunk-6.2.1-cp310-cp310-musllinux_1_1_x86_64.whl", hash = "sha256:75e179f594a62d3adb900239a351160e4b61683543dd9901fd2c9d09a65e4de1"},
    {file = "pymunk-6.2.1-cp310-cp310-win32.whl", hash = "sha256:0f21b16d508b0ad1bacb557b1f3954fb6e4c613408ba4d289b5cedfd6bb4e321"},
    {file = "pymunk-6.2.1-cp310-cp310-win_amd64.whl", hash = "sha256:81ffa3087cb94ed3596166642695787950d9eb43b9b2e70f915c9eb6f74b2a2d"},
    {file = "pymunk-6.2.1-cp36-cp36m-macosx_10_9_x86_64.whl", hash = "sha256:fad6d3dc2bb36ff2be430fb012478231cf7b9dd8a70f918d4f145cea25285d6d"},
    {file = "pymunk-6.2.1-cp36-cp36m-manylinux_2_5_i686.manylinux1_i686.manylinux_2_12_i686.manylinux2010_i686.whl", hash = "sha256:810bc1321c4b74e94574e713cd4f9f6c1742e9bd2430536515e6441090c26a20"},
    {file = "pymunk-6.2.1-cp36-cp36m-manylinux_2_5_x86_64.manylinux1_x86_64.manylinux_2_12_x86_64.manylinux2010_x86_64.whl", hash = "sha256:a706b594287d8dad6206547683fd83dacf0a1f1ce6722867c28030e90e5b502a"},
    {file = "pymunk-6.2.1-cp36-cp36m-musllinux_1_1_i686.whl", hash = "sha256:0c807fef9534865ea321c4f8fbb9d04e71dfa3e5b5f44a52c9c4fa4d4e9b49d3"},
    {file = "pymunk-6.2.1-cp36-cp36m-musllinux_1_1_x86_64.whl", hash = "sha256:e6764612950df1880f180b1e3773368a851b7bb7c1e8fc8ee7f18631e4d8f0ea"},
    {file = "pymunk-6.2.1-cp36-cp36m-win32.whl", hash = "sha256:273991699791af1fc187147f99a694ca67a7dfceef862084abecc375dd2e1082"},
    {file = "pymunk-6.2.1-cp36-cp36m-win_amd64.whl", hash = "sha256:f1e6c4a329252decce15a4671486fd82694244a3a8d06ab7edfb411d4a20a04e"},
    {file = "pymunk-6.2.1-cp37-cp37m-macosx_10_9_x86_64.whl", hash = "sha256:e505063fbd1ce8b1459ed71777773425bb59bf536ef7fc9e4bdb62ecd0b194f7"},
    {file = "pymunk-6.2.1-cp37-cp37m-manylinux_2_5_i686.manylinux1_i686.manylinux_2_12_i686.manylinux2010_i686.whl", hash = "sha256:b0b983ca00549905351a91251aa67f903e2d718f228d1ea50e35c30dcd5a3f19"},
    {file = "pymunk-6.2.1-cp37-cp37m-manylinux_2_5_x86_64.manylinux1_x86_64.manylinux_2_12_x86_64.manylinux2010_x86_64.whl", hash = "sha256:02adec146811918e6e2c69157d67a8e71a23d355f3448f2d585ee5198423ebbf"},
    {file = "pymunk-6.2.1-cp37-cp37m-musllinux_1_1_i686.whl", hash = "sha256:75b6f8574b067be83c26b127f42b6cc457c7af75970c7d201ff4cfecd4c0f0c8"},
    {file = "pymunk-6.2.1-cp37-cp37m-musllinux_1_1_x86_64.whl", hash = "sha256:8c77aa16c75028fccf25937775705673276a959f92fdc1451c69d10290504c6f"},
    {file = "pymunk-6.2.1-cp37-cp37m-win32.whl", hash = "sha256:e1d2cd7f5bad886dba565f779452d8c053e1e540d6bd8864281e93b6b5158ca6"},
    {file = "pymunk-6.2.1-cp37-cp37m-win_amd64.whl", hash = "sha256:d94a8cd325d2100280e27744e8088aa2db1feacc33e3241786653a03a2b68168"},
    {file = "pymunk-6.2.1-cp38-cp38-macosx_10_9_x86_64.whl", hash = "sha256:22910cfc972f46f1581c16ac882b17abbab69e5d3bab176ee7eb1670e79c61e4"},
    {file = "pymunk-6.2.1-cp38-cp38-macosx_11_0_arm64.whl", hash = "sha256:6603dd6075b26ecb4f8e0163b467ab0e0dff956f40768230829b352f571293d3"},
    {file = "pymunk-6.2.1-cp38-cp38-manylinux_2_5_i686.manylinux1_i686.manylinux_2_12_i686.manylinux2010_i686.whl", hash = "sha256:76de49fe5597796f65a6c94c6b3842195fc61ee960f6b7625203fb3eb4a3e0fe"},
    {file = "pymunk-6.2.1-cp38-cp38-manylinux_2_5_x86_64.manylinux1_x86_64.manylinux_2_12_x86_64.manylinux2010_x86_64.whl", hash = "sha256:18392fd4c9aee9c135395707e2c55e39e1db133037b2f1e4df25f39fbc38e92d"},
    {file = "pymunk-6.2.1-cp38-cp38-musllinux_1_1_i686.whl", hash = "sha256:b56d81629f4e352c29064b0f6aa0d4a4750da4632f00b0d539504971105c4323"},
    {file = "pymunk-6.2.1-cp38-cp38-musllinux_1_1_x86_64.whl", hash = "sha256:23946f1677daaaae41ddf4a69d31441a24eedd5fa94aae01d0fc16fe4a6ce811"},
    {file = "pymunk-6.2.1-cp38-cp38-win32.whl", hash = "sha256:77be3ece10f164dd4cd0d03a9dd5e172f505c38830f307ff3fca2dfef271f5a4"},
    {file = "pymunk-6.2.1-cp38-cp38-win_amd64.whl", hash = "sha256:de54ba2b76dcf180beac80edf0ba7ff295e282778d5e7c3f9f45f2633d6214dc"},
    {file = "pymunk-6.2.1-cp39-cp39-macosx_10_9_x86_64.whl", hash = "sha256:1a8e85166e7e543e47367e7062ac65298ec16d0e0f4f68b48a85c5da9488af9d"},
    {file = "pymunk-6.2.1-cp39-cp39-macosx_11_0_arm64.whl", hash = "sha256:384dd611b4c362a74c4c97b23dc03e8588850d850581915785babb0c66ff0fbd"},
    {file = "pymunk-6.2.1-cp39-cp39-manylinux_2_5_i686.manylinux1_i686.manylinux_2_12_i686.manylinux2010_i686.whl", hash = "sha256:83270e5ff80f24f22081c6ae0333e084f9c711382b8a08b3b856ff55db5ca0f2"},
    {file = "pymunk-6.2.1-cp39-cp39-manylinux_2_5_x86_64.manylinux1_x86_64.manylinux_2_12_x86_64.manylinux2010_x86_64.whl", hash = "sha256:e6eff022a70e096298f23322b3f3176e2d663614147c90fe7160a74fc055f33c"},
    {file = "pymunk-6.2.1-cp39-cp39-musllinux_1_1_i686.whl", hash = "sha256:596e59683ea9107f52ee44d3b846b7092d6ea402d701afec08b8bc429907c6ab"},
    {file = "pymunk-6.2.1-cp39-cp39-musllinux_1_1_x86_64.whl", hash = "sha256:35b5ea71f72209a86004a03d4fbe1fdd37dd4eeba274ff2119b76e363402cc15"},
    {file = "pymunk-6.2.1-cp39-cp39-win32.whl", hash = "sha256:da71bcee179c54c68fbac290e40ba6024b005613c11bfea9fe6c43199dcf7b6d"},
    {file = "pymunk-6.2.1-cp39-cp39-win_amd64.whl", hash = "sha256:0303eae52578038e1692b746b4cfe625e284445340363645f1c04bd2b5e1b6fc"},
    {file = "pymunk-6.2.1-pp37-pypy37_pp73-macosx_10_9_x86_64.whl", hash = "sha256:7dc1d068450b5b1dab5e0a3bd7d6a756c6f73f3b05a66e3c8f3342929b481950"},
    {file = "pymunk-6.2.1-pp37-pypy37_pp73-manylinux_2_5_i686.manylinux1_i686.manylinux_2_12_i686.manylinux2010_i686.whl", hash = "sha256:e1e5d1a71623ee310ba11e23f6fa4bdb1fe5258e0709e7decdc4a080b3b8b741"},
    {file = "pymunk-6.2.1-pp37-pypy37_pp73-manylinux_2_5_x86_64.manylinux1_x86_64.manylinux_2_12_x86_64.manylinux2010_x86_64.whl", hash = "sha256:fc217b0171fe87b64dd8e6d33b9f577db632c287439dad3030a15db65c141924"},
    {file = "pymunk-6.2.1-pp37-pypy37_pp73-win_amd64.whl", hash = "sha256:4153571e7daa7cdfd27ad86ab9e7b74cf6b708d163622880dbce369c7d6fabd4"},
    {file = "pymunk-6.2.1.zip", hash = "sha256:18ae0f83ec2dc20892b98c84127ce9149ab40fa3c3120097377e1506884b27b8"},
]
pyparsing = [
    {file = "pyparsing-3.0.9-py3-none-any.whl", hash = "sha256:5026bae9a10eeaefb61dab2f09052b9f4307d44aee4eda64b309723d8d206bbc"},
    {file = "pyparsing-3.0.9.tar.gz", hash = "sha256:2b020ecf7d21b687f219b71ecad3631f644a47f01403fa1d1036b0c6416d70fb"},
]
pytest = [
    {file = "pytest-5.4.3-py3-none-any.whl", hash = "sha256:5c0db86b698e8f170ba4582a492248919255fcd4c79b1ee64ace34301fb589a1"},
    {file = "pytest-5.4.3.tar.gz", hash = "sha256:7979331bfcba207414f5e1263b5a0f8f521d0f457318836a7355531ed1a4c7d8"},
]
pytiled-parser = []
rx = [
    {file = "Rx-3.2.0-py3-none-any.whl", hash = "sha256:922c5f4edb3aa1beaa47bf61d65d5380011ff6adcd527f26377d05cb73ed8ec8"},
    {file = "Rx-3.2.0.tar.gz", hash = "sha256:b657ca2b45aa485da2f7dcfd09fac2e554f7ac51ff3c2f8f2ff962ecd963d91c"},
]
scipy = []
typing-extensions = []
wcwidth = [
    {file = "wcwidth-0.2.5-py2.py3-none-any.whl", hash = "sha256:beb4802a9cebb9144e99086eff703a642a13d6a0052920003a230f3294bbe784"},
    {file = "wcwidth-0.2.5.tar.gz", hash = "sha256:c4d647b99872929fdb7bdcaa4fbe7f01413ed3d98077df798530e5b04f116c83"},
]
